# THIS IS AN AUTOGENERATED FILE. DO NOT EDIT THIS FILE DIRECTLY.
# yarn lockfile v1


"@zeit/schemas@1.2.0":
  version "1.2.0"
  resolved "https://registry.yarnpkg.com/@zeit/schemas/-/schemas-1.2.0.tgz#89e47b2f2bd41cdb52f54ff23038ccd9b1eb30da"

ajv@6.5.0:
  version "6.5.0"
  resolved "https://registry.yarnpkg.com/ajv/-/ajv-6.5.0.tgz#4c8affdf80887d8f132c9c52ab8a2dc4d0b7b24c"
  dependencies:
    fast-deep-equal "^2.0.1"
    fast-json-stable-stringify "^2.0.0"
    json-schema-traverse "^0.3.0"
    uri-js "^4.2.1"

ansi-styles@^3.2.1:
  version "3.2.1"
  resolved "https://registry.yarnpkg.com/ansi-styles/-/ansi-styles-3.2.1.tgz#41fbb20243e50b12be0f04b8dedbf07520ce841d"
  dependencies:
    color-convert "^1.9.0"

arg@2.0.0:
  version "2.0.0"
  resolved "https://registry.yarnpkg.com/arg/-/arg-2.0.0.tgz#c06e7ff69ab05b3a4a03ebe0407fac4cba657545"

balanced-match@^1.0.0:
  version "1.0.0"
  resolved "https://registry.yarnpkg.com/balanced-match/-/balanced-match-1.0.0.tgz#89b4d199ab2bee49de164ea02b89ce462d71b767"

brace-expansion@^1.1.7:
  version "1.1.11"
  resolved "https://registry.yarnpkg.com/brace-expansion/-/brace-expansion-1.1.11.tgz#3c7fcbf529d87226f3d2f52b966ff5271eb441dd"
  dependencies:
    balanced-match "^1.0.0"
    concat-map "0.0.1"

bytes@3.0.0:
  version "3.0.0"
  resolved "https://registry.yarnpkg.com/bytes/-/bytes-3.0.0.tgz#d32815404d689699f85a4ea4fa8755dd13a96048"

chalk@2.4.1:
  version "2.4.1"
  resolved "https://registry.yarnpkg.com/chalk/-/chalk-2.4.1.tgz#18c49ab16a037b6eb0152cc83e3471338215b66e"
  dependencies:
    ansi-styles "^3.2.1"
    escape-string-regexp "^1.0.5"
    supports-color "^5.3.0"

color-convert@^1.9.0:
  version "1.9.1"
  resolved "https://registry.yarnpkg.com/color-convert/-/color-convert-1.9.1.tgz#c1261107aeb2f294ebffec9ed9ecad529a6097ed"
  dependencies:
    color-name "^1.1.1"

color-name@^1.1.1:
  version "1.1.3"
  resolved "https://registry.yarnpkg.com/color-name/-/color-name-1.1.3.tgz#a7d0558bd89c42f795dd42328f740831ca53bc25"

concat-map@0.0.1:
  version "0.0.1"
  resolved "https://registry.yarnpkg.com/concat-map/-/concat-map-0.0.1.tgz#d8a96bd77fd68df7793a73036a3ba0d5405d477b"

content-disposition@0.5.2:
  version "0.5.2"
  resolved "https://registry.yarnpkg.com/content-disposition/-/content-disposition-0.5.2.tgz#0cf68bb9ddf5f2be7961c3a85178cb85dba78cb4"

deep-extend@^0.6.0:
  version "0.6.0"
  resolved "https://registry.yarnpkg.com/deep-extend/-/deep-extend-0.6.0.tgz#c4fa7c95404a17a9c3e8ca7e1537312b736330ac"

escape-string-regexp@^1.0.5:
  version "1.0.5"
  resolved "https://registry.yarnpkg.com/escape-string-regexp/-/escape-string-regexp-1.0.5.tgz#1b61c0562190a8dff6ae3bb2cf0200ca130b86d4"

fast-deep-equal@^2.0.1:
  version "2.0.1"
  resolved "https://registry.yarnpkg.com/fast-deep-equal/-/fast-deep-equal-2.0.1.tgz#7b05218ddf9667bf7f370bf7fdb2cb15fdd0aa49"

fast-json-stable-stringify@^2.0.0:
  version "2.0.0"
  resolved "https://registry.yarnpkg.com/fast-json-stable-stringify/-/fast-json-stable-stringify-2.0.0.tgz#d5142c0caee6b1189f87d3a76111064f86c8bbf2"

fast-url-parser@1.1.3:
  version "1.1.3"
  resolved "https://registry.yarnpkg.com/fast-url-parser/-/fast-url-parser-1.1.3.tgz#f4af3ea9f34d8a271cf58ad2b3759f431f0b318d"
  dependencies:
    punycode "^1.3.2"

glob-slash@^1.0.0:
  version "1.0.0"
  resolved "https://registry.yarnpkg.com/glob-slash/-/glob-slash-1.0.0.tgz#fe52efa433233f74a2fe64c7abb9bc848202ab95"

glob-slasher@1.0.1:
  version "1.0.1"
  resolved "https://registry.yarnpkg.com/glob-slasher/-/glob-slasher-1.0.1.tgz#747a0e5bb222642ee10d3e05443e109493cb0f8e"
  dependencies:
    glob-slash "^1.0.0"
    lodash.isobject "^2.4.1"
    toxic "^1.0.0"

has-flag@^3.0.0:
  version "3.0.0"
  resolved "https://registry.yarnpkg.com/has-flag/-/has-flag-3.0.0.tgz#b5d454dc2199ae225699f3467e5a07f3b955bafd"

hoquet@^3.0.2:
  version "3.0.2"
  resolved "https://registry.yarnpkg.com/hoquet/-/hoquet-3.0.2.tgz#91a571d64b9b7118186d8fcafb47e0b303881301"

ini@~1.3.0:
  version "1.3.5"
  resolved "https://registry.yarnpkg.com/ini/-/ini-1.3.5.tgz#eee25f56db1c9ec6085e0c22778083f596abf927"

json-schema-traverse@^0.3.0:
  version "0.3.1"
  resolved "https://registry.yarnpkg.com/json-schema-traverse/-/json-schema-traverse-0.3.1.tgz#349a6d44c53a51de89b40805c5d5e59b417d3340"

lodash._objecttypes@~2.4.1:
  version "2.4.1"
  resolved "https://registry.yarnpkg.com/lodash._objecttypes/-/lodash._objecttypes-2.4.1.tgz#7c0b7f69d98a1f76529f890b0cdb1b4dfec11c11"

lodash.isobject@^2.4.1:
  version "2.4.1"
  resolved "https://registry.yarnpkg.com/lodash.isobject/-/lodash.isobject-2.4.1.tgz#5a2e47fe69953f1ee631a7eba1fe64d2d06558f5"
  dependencies:
    lodash._objecttypes "~2.4.1"

lodash@^2.4.1:
  version "2.4.2"
  resolved "https://registry.yarnpkg.com/lodash/-/lodash-2.4.2.tgz#fadd834b9683073da179b3eae6d9c0d15053f73e"

mime-db@~1.33.0:
  version "1.33.0"
  resolved "https://registry.yarnpkg.com/mime-db/-/mime-db-1.33.0.tgz#a3492050a5cb9b63450541e39d9788d2272783db"

mime-types@2.1.18:
  version "2.1.18"
  resolved "https://registry.yarnpkg.com/mime-types/-/mime-types-2.1.18.tgz#6f323f60a83d11146f831ff11fd66e2fe5503bb8"
  dependencies:
    mime-db "~1.33.0"

minimatch@3.0.4:
  version "3.0.4"
  resolved "https://registry.yarnpkg.com/minimatch/-/minimatch-3.0.4.tgz#5166e286457f03306064be5497e8dbb0c3d32083"
  dependencies:
    brace-expansion "^1.1.7"

minimist@^1.2.0:
  version "1.2.0"
  resolved "https://registry.yarnpkg.com/minimist/-/minimist-1.2.0.tgz#a35008b20f41383eec1fb914f4cd5df79a264284"

path-is-inside@1.0.2:
  version "1.0.2"
  resolved "https://registry.yarnpkg.com/path-is-inside/-/path-is-inside-1.0.2.tgz#365417dede44430d1c11af61027facf074bdfc53"

path-to-regexp@2.2.1:
  version "2.2.1"
  resolved "https://registry.yarnpkg.com/path-to-regexp/-/path-to-regexp-2.2.1.tgz#90b617025a16381a879bc82a38d4e8bdeb2bcf45"

punycode@^1.3.2:
  version "1.4.1"
  resolved "https://registry.yarnpkg.com/punycode/-/punycode-1.4.1.tgz#c0d5a63b2718800ad8e1eb0fa5269c84dd41845e"

punycode@^2.1.0:
  version "2.1.1"
  resolved "https://registry.yarnpkg.com/punycode/-/punycode-2.1.1.tgz#b58b010ac40c22c5657616c8d2c2c02c7bf479ec"

rc@^1.0.1, rc@^1.1.6:
  version "1.2.8"
  resolved "https://registry.yarnpkg.com/rc/-/rc-1.2.8.tgz#cd924bf5200a075b83c188cd6b9e211b7fc0d3ed"
  dependencies:
    deep-extend "^0.6.0"
    ini "~1.3.0"
    minimist "^1.2.0"
    strip-json-comments "~2.0.1"

registry-auth-token@3.3.2:
  version "3.3.2"
  resolved "https://registry.yarnpkg.com/registry-auth-token/-/registry-auth-token-3.3.2.tgz#851fd49038eecb586911115af845260eec983f20"
  dependencies:
    rc "^1.1.6"
    safe-buffer "^5.0.1"

registry-url@3.1.0:
  version "3.1.0"
  resolved "https://registry.yarnpkg.com/registry-url/-/registry-url-3.1.0.tgz#3d4ef870f73dde1d77f0cf9a381432444e174942"
  dependencies:
    rc "^1.0.1"

safe-buffer@^5.0.1:
  version "5.1.2"
  resolved "https://registry.yarnpkg.com/safe-buffer/-/safe-buffer-5.1.2.tgz#991ec69d296e0313747d59bdfd2b745c35f8828d"

serve-handler@3.1.0:
  version "3.1.0"
  resolved "https://registry.yarnpkg.com/serve-handler/-/serve-handler-3.1.0.tgz#00e0712a600ef695e263c40f6d7b3aab9ba1352a"
  dependencies:
    bytes "3.0.0"
    content-disposition "0.5.2"
    fast-url-parser "1.1.3"
    glob-slasher "1.0.1"
    mime-types "2.1.18"
    minimatch "3.0.4"
    path-is-inside "1.0.2"
    path-to-regexp "2.2.1"

serve@^8.1.2:
  version "8.1.2"
  resolved "https://registry.yarnpkg.com/serve/-/serve-8.1.2.tgz#a8574d36869d7e8480473a0d4be40c4a7dd92f6c"
  dependencies:
    "@zeit/schemas" "1.2.0"
    ajv "6.5.0"
    arg "2.0.0"
    chalk "2.4.1"
    serve-handler "3.1.0"
    update-check "1.5.2"

strip-json-comments@~2.0.1:
  version "2.0.1"
  resolved "https://registry.yarnpkg.com/strip-json-comments/-/strip-json-comments-2.0.1.tgz#3c531942e908c2697c0ec344858c286c7ca0a60a"

supports-color@^5.3.0:
  version "5.4.0"
  resolved "https://registry.yarnpkg.com/supports-color/-/supports-color-5.4.0.tgz#1c6b337402c2137605efe19f10fec390f6faab54"
  dependencies:
    has-flag "^3.0.0"

toxic@^1.0.0:
  version "1.0.0"
  resolved "https://registry.yarnpkg.com/toxic/-/toxic-1.0.0.tgz#f1154d8b6ac21875ac943a9f7408df2dfe164ea2"
  dependencies:
    lodash "^2.4.1"

update-check@1.5.2:
  version "1.5.2"
  resolved "https://registry.yarnpkg.com/update-check/-/update-check-1.5.2.tgz#2fe09f725c543440b3d7dabe8971f2d5caaedc28"
  dependencies:
    registry-auth-token "3.3.2"
    registry-url "3.1.0"

uri-js@^4.2.1:
  version "4.2.2"
  resolved "https://registry.yarnpkg.com/uri-js/-/uri-js-4.2.2.tgz#94c540e1ff772956e2299507c010aea6c8838eb0"
  dependencies:
    punycode "^2.1.0"
